PODS:
  - Flutter (1.0.0)
  - flutter_foreground_task (0.0.1):
    - Flutter
  - permission_handler_apple (9.3.0):
    - Flutter
  - videosdk (0.0.1):
    - Flutter
    - videosdk_webrtc
  - videosdk_webrtc (0.0.17):
    - Flutter
    - WebRTC-SDK (= 137.7151.04)
  - WebRTC-SDK (137.7151.04)

DEPENDENCIES:
  - Flutter (from `Flutter`)
  - flutter_foreground_task (from `.symlinks/plugins/flutter_foreground_task/ios`)
  - permission_handler_apple (from `.symlinks/plugins/permission_handler_apple/ios`)
  - videosdk (from `.symlinks/plugins/videosdk/ios`)
  - videosdk_webrtc (from `.symlinks/plugins/videosdk_webrtc/ios`)

SPEC REPOS:
  trunk:
    - WebRTC-SDK

EXTERNAL SOURCES:
  Flutter:
    :path: Flutter
  flutter_foreground_task:
    :path: ".symlinks/plugins/flutter_foreground_task/ios"
  permission_handler_apple:
    :path: ".symlinks/plugins/permission_handler_apple/ios"
  videosdk:
    :path: ".symlinks/plugins/videosdk/ios"
  videosdk_webrtc:
    :path: ".symlinks/plugins/videosdk_webrtc/ios"

SPEC CHECKSUMS:
  Flutter: cabc95a1d2626b1b06e7179b784ebcf0c0cde467
  flutter_foreground_task: a159d2c2173b33699ddb3e6c2a067045d7cebb89
  permission_handler_apple: 4ed2196e43d0651e8ff7ca3483a069d469701f2d
  videosdk: 54cf046d46212a7de6d45720e83a6c9281a49e3d
  videosdk_webrtc: 9c550ad9271ba4af07a48af6570ec74883faef4f
  WebRTC-SDK: 40d4f5ba05cadff14e4db5614aec402a633f007e

PODFILE CHECKSUM: 504eae5aa78636e3148db5f3ba3794c83df86198

COCOAPODS: 1.17.0
